
Microsoft Visual Studio Solution File, Format Version 12.00
# Visual Studio Version 16
VisualStudioVersion = 16.0.32413.511
MinimumVisualStudioVersion = 10.0.40219.1
Project("{FAE04EC0-301F-11D3-BF4B-00C04F79EFBC}") = "Game", "Game\Game.csproj", "{9EA94C3A-7B44-4A9B-9B3E-A96959E2CDBA}"
EndProject
Global
	GlobalSection(SolutionConfigurationPlatforms) = preSolution
		Debug|Any CPU = Debug|Any CPU
		Release|Any CPU = Release|Any CPU
	EndGlobalSection
	GlobalSection(ProjectConfigurationPlatforms) = postSolution
		{9EA94C3A-7B44-4A9B-9B3E-A96959E2CDBA}.Debug|Any CPU.ActiveCfg = Debug|Any CPU
		{9EA94C3A-7B44-4A9B-9B3E-A96959E2CDBA}.Debug|Any CPU.Build.0 = Debug|Any CPU
		{9EA94C3A-7B44-4A9B-9B3E-A96959E2CDBA}.Release|Any CPU.ActiveCfg = Release|Any CPU
		{9EA94C3A-7B44-4A9B-9B3E-A96959E2CDBA}.Release|Any CPU.Build.0 = Release|Any CPU
	EndGlobalSection
	GlobalSection(SolutionProperties) = preSolution
		HideSolutionNode = FALSE
	EndGlobalSection
	GlobalSection(ExtensibilityGlobals) = postSolution
		SolutionGuid = {238C9D39-7540-46F7-A28F-F6F2EF36345F}
	EndGlobalSection
EndGlobal
